
Microsoft Visual Studio Solution File, Format Version 12.00
# Visual Studio Version 17
VisualStudioVersion = 17.8.34330.188
MinimumVisualStudioVersion = 10.0.40219.1
Project("{9A19103F-16F7-4668-BE54-9A1E7A4F7556}") = "Progetto-AI-API", "Progetto-AI-API.csproj", "{D5BEE8F1-BBEF-4FAB-A5BC-3BF0A9D27AA8}"
EndProject
Global
	GlobalSection(SolutionConfigurationPlatforms) = preSolution
		Debug|Any CPU = Debug|Any CPU
		Release|Any CPU = Release|Any CPU
	EndGlobalSection
	GlobalSection(ProjectConfigurationPlatforms) = postSolution
		{D5BEE8F1-BBEF-4FAB-A5BC-3BF0A9D27AA8}.Debug|Any CPU.ActiveCfg = Debug|Any CPU
		{D5BEE8F1-BBEF-4FAB-A5BC-3BF0A9D27AA8}.Debug|Any CPU.Build.0 = Debug|Any CPU
		{D5BEE8F1-BBEF-4FAB-A5BC-3BF0A9D27AA8}.Release|Any CPU.ActiveCfg = Release|Any CPU
		{D5BEE8F1-BBEF-4FAB-A5BC-3BF0A9D27AA8}.Release|Any CPU.Build.0 = Release|Any CPU
	EndGlobalSection
	GlobalSection(SolutionProperties) = preSolution
		HideSolutionNode = FALSE
	EndGlobalSection
	GlobalSection(ExtensibilityGlobals) = postSolution
		SolutionGuid = {4D480992-AD96-47D3-89CA-46A14C254D66}
	EndGlobalSection
EndGlobal
